NeoBundleLock neobundle.vim 14eca907757e83c52713966037799509b9afaf39
NeoBundleLock neoBundle.vim 14eca907757e83c52713966037799509b9afaf39
NeoBundleLock syntastic 008ac98299bb4fcd3fc4dedcd5f99dc04ff15095
NeoBundleLock evervim ad94f9623d577170fd05b828b627e8816e44ea03
NeoBundleLock ctrlp.vim b5d3fe66a58a13d2ff8b6391f4387608496a030f
NeoBundleLock nerdtree 4f1e6ecb057fc0bac189171c1430d71ef25f6bb1
