NeoBundleLock unite.vim 704325ae48cf96d6c9588279c733f50f78dec3e4
NeoBundleLock neobundle.vim 4a3bb7fb323b62f571c22ff15139fe996dc60ac8
NeoBundleLock neoBundle.vim 4a3bb7fb323b62f571c22ff15139fe996dc60ac8
NeoBundleLock syntastic de5e025ef0b8a9eec588d618ebaebd104945af4c
NeoBundleLock ctrlp.vim b5d3fe66a58a13d2ff8b6391f4387608496a030f
NeoBundleLock nerdtree f8fd2ecce20f5005e6313ce57d6d2a209890c946
