NeoBundleLock neoBundle.vim 0e09641c7069f7971a5799c82c439e83f3902f49
NeoBundleLock neobundle.vim b9ce3904b44af0907c3621a172a0ee5c31a5556f
NeoBundleLock nerdtree f8fd2ecce20f5005e6313ce57d6d2a209890c946
NeoBundleLock syntastic de5e025ef0b8a9eec588d618ebaebd104945af4c
NeoBundleLock unite.vim 704325ae48cf96d6c9588279c733f50f78dec3e4
NeoBundleLock vim-smartchr faa0378c7888274667e9da1c9723f3cc01bf0afb
NeoBundleLock vimproc.vim eb2bc419dcac5ebf2db99794195e558f4ce204f8
NeoBundleLock vimshell.vim 235876dbe78e89fcc9a0e513bcbb237572d0b8ae
